
Microsoft Visual Studio Solution File, Format Version 12.00
# Visual Studio 15
VisualStudioVersion = 15.0.27428.2002
MinimumVisualStudioVersion = 10.0.40219.1
Project("{FAE04EC0-301F-11D3-BF4B-00C04F79EFBC}") = "S2017_4.0", "S2017_4.0\S2017_4.0.csproj", "{F15BE9A9-9DCD-4E12-9E0B-F3C8D268CA2E}"
EndProject
Global
	GlobalSection(SolutionConfigurationPlatforms) = preSolution
		Debug|Any CPU = Debug|Any CPU
		Release|Any CPU = Release|Any CPU
	EndGlobalSection
	GlobalSection(ProjectConfigurationPlatforms) = postSolution
		{F15BE9A9-9DCD-4E12-9E0B-F3C8D268CA2E}.Debug|Any CPU.ActiveCfg = Debug|Any CPU
		{F15BE9A9-9DCD-4E12-9E0B-F3C8D268CA2E}.Debug|Any CPU.Build.0 = Debug|Any CPU
		{F15BE9A9-9DCD-4E12-9E0B-F3C8D268CA2E}.Release|Any CPU.ActiveCfg = Release|Any CPU
		{F15BE9A9-9DCD-4E12-9E0B-F3C8D268CA2E}.Release|Any CPU.Build.0 = Release|Any CPU
	EndGlobalSection
	GlobalSection(SolutionProperties) = preSolution
		HideSolutionNode = FALSE
	EndGlobalSection
	GlobalSection(ExtensibilityGlobals) = postSolution
		SolutionGuid = {C27FBA00-7C85-4172-9769-57A627E0C223}
	EndGlobalSection
EndGlobal
