
Microsoft Visual Studio Solution File, Format Version 12.00
# Visual Studio 15
VisualStudioVersion = 15.0.27428.1
MinimumVisualStudioVersion = 10.0.40219.1
Project("{FAE04EC0-301F-11D3-BF4B-00C04F79EFBC}") = "S2017_2.0", "S2017_2.0\S2017_2.0.csproj", "{4EDA673A-7F9F-4C46-8AF2-EECF3395E86B}"
EndProject
Global
	GlobalSection(SolutionConfigurationPlatforms) = preSolution
		Debug|Any CPU = Debug|Any CPU
		Release|Any CPU = Release|Any CPU
	EndGlobalSection
	GlobalSection(ProjectConfigurationPlatforms) = postSolution
		{4EDA673A-7F9F-4C46-8AF2-EECF3395E86B}.Debug|Any CPU.ActiveCfg = Debug|Any CPU
		{4EDA673A-7F9F-4C46-8AF2-EECF3395E86B}.Debug|Any CPU.Build.0 = Debug|Any CPU
		{4EDA673A-7F9F-4C46-8AF2-EECF3395E86B}.Release|Any CPU.ActiveCfg = Release|Any CPU
		{4EDA673A-7F9F-4C46-8AF2-EECF3395E86B}.Release|Any CPU.Build.0 = Release|Any CPU
	EndGlobalSection
	GlobalSection(SolutionProperties) = preSolution
		HideSolutionNode = FALSE
	EndGlobalSection
	GlobalSection(ExtensibilityGlobals) = postSolution
		SolutionGuid = {09AFABBE-688E-485B-BC8E-0650BE22AEA6}
	EndGlobalSection
EndGlobal
